
Microsoft Visual Studio Solution File, Format Version 12.00
# Visual Studio Version 17
VisualStudioVersion = 17.11.35327.3
MinimumVisualStudioVersion = 10.0.40219.1
Project("{FAE04EC0-301F-11D3-BF4B-00C04F79EFBC}") = "Front", "Front\Front.csproj", "{2878B817-4D90-4DFC-A9B0-3CD5D60DDCFD}"
EndProject
Project("{FAE04EC0-301F-11D3-BF4B-00C04F79EFBC}") = "Dominio", "Dominio\Dominio.csproj", "{5B86FA71-DDAB-4560-84C2-70B566284D98}"
EndProject
Project("{FAE04EC0-301F-11D3-BF4B-00C04F79EFBC}") = "DataManager", "DataManager\DataManager.csproj", "{C96E6A26-51BF-492F-97E3-CC20EEBF56FE}"
EndProject
Global
	GlobalSection(SolutionConfigurationPlatforms) = preSolution
		Debug|Any CPU = Debug|Any CPU
		Release|Any CPU = Release|Any CPU
	EndGlobalSection
	GlobalSection(ProjectConfigurationPlatforms) = postSolution
		{2878B817-4D90-4DFC-A9B0-3CD5D60DDCFD}.Debug|Any CPU.ActiveCfg = Debug|Any CPU
		{2878B817-4D90-4DFC-A9B0-3CD5D60DDCFD}.Debug|Any CPU.Build.0 = Debug|Any CPU
		{2878B817-4D90-4DFC-A9B0-3CD5D60DDCFD}.Release|Any CPU.ActiveCfg = Release|Any CPU
		{2878B817-4D90-4DFC-A9B0-3CD5D60DDCFD}.Release|Any CPU.Build.0 = Release|Any CPU
		{5B86FA71-DDAB-4560-84C2-70B566284D98}.Debug|Any CPU.ActiveCfg = Debug|Any CPU
		{5B86FA71-DDAB-4560-84C2-70B566284D98}.Debug|Any CPU.Build.0 = Debug|Any CPU
		{5B86FA71-DDAB-4560-84C2-70B566284D98}.Release|Any CPU.ActiveCfg = Release|Any CPU
		{5B86FA71-DDAB-4560-84C2-70B566284D98}.Release|Any CPU.Build.0 = Release|Any CPU
		{C96E6A26-51BF-492F-97E3-CC20EEBF56FE}.Debug|Any CPU.ActiveCfg = Debug|Any CPU
		{C96E6A26-51BF-492F-97E3-CC20EEBF56FE}.Debug|Any CPU.Build.0 = Debug|Any CPU
		{C96E6A26-51BF-492F-97E3-CC20EEBF56FE}.Release|Any CPU.ActiveCfg = Release|Any CPU
		{C96E6A26-51BF-492F-97E3-CC20EEBF56FE}.Release|Any CPU.Build.0 = Release|Any CPU
	EndGlobalSection
	GlobalSection(SolutionProperties) = preSolution
		HideSolutionNode = FALSE
	EndGlobalSection
	GlobalSection(ExtensibilityGlobals) = postSolution
		SolutionGuid = {5A024BEB-5E23-4114-96D7-23DAE531210D}
	EndGlobalSection
EndGlobal
